
Microsoft Visual Studio Solution File, Format Version 12.00
# Visual Studio 15
VisualStudioVersion = 15.0.28307.168
MinimumVisualStudioVersion = 10.0.40219.1
Project("{FAE04EC0-301F-11D3-BF4B-00C04F79EFBC}") = "C0725030", "C0725030\C0725030.csproj", "{7D76CD69-7245-412D-8D76-6CB7D174ACBF}"
EndProject
Global
	GlobalSection(SolutionConfigurationPlatforms) = preSolution
		Debug|Any CPU = Debug|Any CPU
		Release|Any CPU = Release|Any CPU
	EndGlobalSection
	GlobalSection(ProjectConfigurationPlatforms) = postSolution
		{7D76CD69-7245-412D-8D76-6CB7D174ACBF}.Debug|Any CPU.ActiveCfg = Debug|Any CPU
		{7D76CD69-7245-412D-8D76-6CB7D174ACBF}.Debug|Any CPU.Build.0 = Debug|Any CPU
		{7D76CD69-7245-412D-8D76-6CB7D174ACBF}.Release|Any CPU.ActiveCfg = Release|Any CPU
		{7D76CD69-7245-412D-8D76-6CB7D174ACBF}.Release|Any CPU.Build.0 = Release|Any CPU
	EndGlobalSection
	GlobalSection(SolutionProperties) = preSolution
		HideSolutionNode = FALSE
	EndGlobalSection
	GlobalSection(ExtensibilityGlobals) = postSolution
		SolutionGuid = {924BD28A-38BE-41EA-A559-09EFA14A649F}
	EndGlobalSection
EndGlobal
